
Microsoft Visual Studio Solution File, Format Version 12.00
# Visual Studio 15
VisualStudioVersion = 15.0.28307.489
MinimumVisualStudioVersion = 10.0.40219.1
Project("{FAE04EC0-301F-11D3-BF4B-00C04F79EFBC}") = "belsim2020.Integration", "belsim2020.Integration\belsim2020.Integration.csproj", "{71F9B7D9-189B-4117-B9FF-1E11BBE6BAF8}"
EndProject
Global
	GlobalSection(SolutionConfigurationPlatforms) = preSolution
		Debug|Any CPU = Debug|Any CPU
		Release|Any CPU = Release|Any CPU
	EndGlobalSection
	GlobalSection(ProjectConfigurationPlatforms) = postSolution
		{71F9B7D9-189B-4117-B9FF-1E11BBE6BAF8}.Debug|Any CPU.ActiveCfg = Debug|Any CPU
		{71F9B7D9-189B-4117-B9FF-1E11BBE6BAF8}.Debug|Any CPU.Build.0 = Debug|Any CPU
		{71F9B7D9-189B-4117-B9FF-1E11BBE6BAF8}.Release|Any CPU.ActiveCfg = Release|Any CPU
		{71F9B7D9-189B-4117-B9FF-1E11BBE6BAF8}.Release|Any CPU.Build.0 = Release|Any CPU
	EndGlobalSection
	GlobalSection(SolutionProperties) = preSolution
		HideSolutionNode = FALSE
	EndGlobalSection
	GlobalSection(ExtensibilityGlobals) = postSolution
		SolutionGuid = {956D70FB-4C88-4675-8C50-D4FE2D3CCF44}
	EndGlobalSection
EndGlobal
