
Microsoft Visual Studio Solution File, Format Version 12.00
# Visual Studio 15
VisualStudioVersion = 15.0.28307.489
MinimumVisualStudioVersion = 10.0.40219.1
Project("{FAE04EC0-301F-11D3-BF4B-00C04F79EFBC}") = "belsim2020", "belsim2020\belsim2020.csproj", "{8593F140-BB53-4F96-957D-C7BA2681EF4D}"
EndProject
Project("{FAE04EC0-301F-11D3-BF4B-00C04F79EFBC}") = "belsim2020.Database", "..\belsim2020.Database\belsim2020.Database.csproj", "{96761E87-75C8-48F7-AFA5-805F5EE95997}"
EndProject
Global
	GlobalSection(SolutionConfigurationPlatforms) = preSolution
		Debug|Any CPU = Debug|Any CPU
		Release|Any CPU = Release|Any CPU
	EndGlobalSection
	GlobalSection(ProjectConfigurationPlatforms) = postSolution
		{8593F140-BB53-4F96-957D-C7BA2681EF4D}.Debug|Any CPU.ActiveCfg = Debug|Any CPU
		{8593F140-BB53-4F96-957D-C7BA2681EF4D}.Debug|Any CPU.Build.0 = Debug|Any CPU
		{8593F140-BB53-4F96-957D-C7BA2681EF4D}.Release|Any CPU.ActiveCfg = Release|Any CPU
		{8593F140-BB53-4F96-957D-C7BA2681EF4D}.Release|Any CPU.Build.0 = Release|Any CPU
		{96761E87-75C8-48F7-AFA5-805F5EE95997}.Debug|Any CPU.ActiveCfg = Debug|Any CPU
		{96761E87-75C8-48F7-AFA5-805F5EE95997}.Debug|Any CPU.Build.0 = Debug|Any CPU
		{96761E87-75C8-48F7-AFA5-805F5EE95997}.Release|Any CPU.ActiveCfg = Release|Any CPU
		{96761E87-75C8-48F7-AFA5-805F5EE95997}.Release|Any CPU.Build.0 = Release|Any CPU
	EndGlobalSection
	GlobalSection(SolutionProperties) = preSolution
		HideSolutionNode = FALSE
	EndGlobalSection
	GlobalSection(ExtensibilityGlobals) = postSolution
		SolutionGuid = {9B0D913C-21BA-47F6-9CAC-4BA95E7F2C50}
	EndGlobalSection
EndGlobal
